
Microsoft Visual Studio Solution File, Format Version 12.00
# Visual Studio 15
VisualStudioVersion = 15.0.26124.0
MinimumVisualStudioVersion = 15.0.26124.0
Project("{FAE04EC0-301F-11D3-BF4B-00C04F79EFBC}") = "Domain", "Domain\Domain.csproj", "{08FD54F2-F91F-491F-B17A-DB8EA97009D6}"
EndProject
Project("{FAE04EC0-301F-11D3-BF4B-00C04F79EFBC}") = "Application", "Application\Application.csproj", "{81124E7B-849B-4C3C-AB0F-D78BD46E70A3}"
EndProject
Project("{FAE04EC0-301F-11D3-BF4B-00C04F79EFBC}") = "Persistence", "Persistence\Persistence.csproj", "{C280A574-7B62-4EA3-A5E4-8B50B668B85D}"
EndProject
Project("{FAE04EC0-301F-11D3-BF4B-00C04F79EFBC}") = "API", "API\API.csproj", "{46C8A7ED-7600-45F1-B460-948A65B120C7}"
EndProject
Global
	GlobalSection(SolutionConfigurationPlatforms) = preSolution
		Debug|Any CPU = Debug|Any CPU
		Debug|x64 = Debug|x64
		Debug|x86 = Debug|x86
		Release|Any CPU = Release|Any CPU
		Release|x64 = Release|x64
		Release|x86 = Release|x86
	EndGlobalSection
	GlobalSection(SolutionProperties) = preSolution
		HideSolutionNode = FALSE
	EndGlobalSection
	GlobalSection(ProjectConfigurationPlatforms) = postSolution
		{08FD54F2-F91F-491F-B17A-DB8EA97009D6}.Debug|Any CPU.ActiveCfg = Debug|Any CPU
		{08FD54F2-F91F-491F-B17A-DB8EA97009D6}.Debug|Any CPU.Build.0 = Debug|Any CPU
		{08FD54F2-F91F-491F-B17A-DB8EA97009D6}.Debug|x64.ActiveCfg = Debug|Any CPU
		{08FD54F2-F91F-491F-B17A-DB8EA97009D6}.Debug|x64.Build.0 = Debug|Any CPU
		{08FD54F2-F91F-491F-B17A-DB8EA97009D6}.Debug|x86.ActiveCfg = Debug|Any CPU
		{08FD54F2-F91F-491F-B17A-DB8EA97009D6}.Debug|x86.Build.0 = Debug|Any CPU
		{08FD54F2-F91F-491F-B17A-DB8EA97009D6}.Release|Any CPU.ActiveCfg = Release|Any CPU
		{08FD54F2-F91F-491F-B17A-DB8EA97009D6}.Release|Any CPU.Build.0 = Release|Any CPU
		{08FD54F2-F91F-491F-B17A-DB8EA97009D6}.Release|x64.ActiveCfg = Release|Any CPU
		{08FD54F2-F91F-491F-B17A-DB8EA97009D6}.Release|x64.Build.0 = Release|Any CPU
		{08FD54F2-F91F-491F-B17A-DB8EA97009D6}.Release|x86.ActiveCfg = Release|Any CPU
		{08FD54F2-F91F-491F-B17A-DB8EA97009D6}.Release|x86.Build.0 = Release|Any CPU
		{81124E7B-849B-4C3C-AB0F-D78BD46E70A3}.Debug|Any CPU.ActiveCfg = Debug|Any CPU
		{81124E7B-849B-4C3C-AB0F-D78BD46E70A3}.Debug|Any CPU.Build.0 = Debug|Any CPU
		{81124E7B-849B-4C3C-AB0F-D78BD46E70A3}.Debug|x64.ActiveCfg = Debug|Any CPU
		{81124E7B-849B-4C3C-AB0F-D78BD46E70A3}.Debug|x64.Build.0 = Debug|Any CPU
		{81124E7B-849B-4C3C-AB0F-D78BD46E70A3}.Debug|x86.ActiveCfg = Debug|Any CPU
		{81124E7B-849B-4C3C-AB0F-D78BD46E70A3}.Debug|x86.Build.0 = Debug|Any CPU
		{81124E7B-849B-4C3C-AB0F-D78BD46E70A3}.Release|Any CPU.ActiveCfg = Release|Any CPU
		{81124E7B-849B-4C3C-AB0F-D78BD46E70A3}.Release|Any CPU.Build.0 = Release|Any CPU
		{81124E7B-849B-4C3C-AB0F-D78BD46E70A3}.Release|x64.ActiveCfg = Release|Any CPU
		{81124E7B-849B-4C3C-AB0F-D78BD46E70A3}.Release|x64.Build.0 = Release|Any CPU
		{81124E7B-849B-4C3C-AB0F-D78BD46E70A3}.Release|x86.ActiveCfg = Release|Any CPU
		{81124E7B-849B-4C3C-AB0F-D78BD46E70A3}.Release|x86.Build.0 = Release|Any CPU
		{C280A574-7B62-4EA3-A5E4-8B50B668B85D}.Debug|Any CPU.ActiveCfg = Debug|Any CPU
		{C280A574-7B62-4EA3-A5E4-8B50B668B85D}.Debug|Any CPU.Build.0 = Debug|Any CPU
		{C280A574-7B62-4EA3-A5E4-8B50B668B85D}.Debug|x64.ActiveCfg = Debug|Any CPU
		{C280A574-7B62-4EA3-A5E4-8B50B668B85D}.Debug|x64.Build.0 = Debug|Any CPU
		{C280A574-7B62-4EA3-A5E4-8B50B668B85D}.Debug|x86.ActiveCfg = Debug|Any CPU
		{C280A574-7B62-4EA3-A5E4-8B50B668B85D}.Debug|x86.Build.0 = Debug|Any CPU
		{C280A574-7B62-4EA3-A5E4-8B50B668B85D}.Release|Any CPU.ActiveCfg = Release|Any CPU
		{C280A574-7B62-4EA3-A5E4-8B50B668B85D}.Release|Any CPU.Build.0 = Release|Any CPU
		{C280A574-7B62-4EA3-A5E4-8B50B668B85D}.Release|x64.ActiveCfg = Release|Any CPU
		{C280A574-7B62-4EA3-A5E4-8B50B668B85D}.Release|x64.Build.0 = Release|Any CPU
		{C280A574-7B62-4EA3-A5E4-8B50B668B85D}.Release|x86.ActiveCfg = Release|Any CPU
		{C280A574-7B62-4EA3-A5E4-8B50B668B85D}.Release|x86.Build.0 = Release|Any CPU
		{46C8A7ED-7600-45F1-B460-948A65B120C7}.Debug|Any CPU.ActiveCfg = Debug|Any CPU
		{46C8A7ED-7600-45F1-B460-948A65B120C7}.Debug|Any CPU.Build.0 = Debug|Any CPU
		{46C8A7ED-7600-45F1-B460-948A65B120C7}.Debug|x64.ActiveCfg = Debug|Any CPU
		{46C8A7ED-7600-45F1-B460-948A65B120C7}.Debug|x64.Build.0 = Debug|Any CPU
		{46C8A7ED-7600-45F1-B460-948A65B120C7}.Debug|x86.ActiveCfg = Debug|Any CPU
		{46C8A7ED-7600-45F1-B460-948A65B120C7}.Debug|x86.Build.0 = Debug|Any CPU
		{46C8A7ED-7600-45F1-B460-948A65B120C7}.Release|Any CPU.ActiveCfg = Release|Any CPU
		{46C8A7ED-7600-45F1-B460-948A65B120C7}.Release|Any CPU.Build.0 = Release|Any CPU
		{46C8A7ED-7600-45F1-B460-948A65B120C7}.Release|x64.ActiveCfg = Release|Any CPU
		{46C8A7ED-7600-45F1-B460-948A65B120C7}.Release|x64.Build.0 = Release|Any CPU
		{46C8A7ED-7600-45F1-B460-948A65B120C7}.Release|x86.ActiveCfg = Release|Any CPU
		{46C8A7ED-7600-45F1-B460-948A65B120C7}.Release|x86.Build.0 = Release|Any CPU
	EndGlobalSection
EndGlobal
